
Microsoft Visual Studio Solution File, Format Version 12.00
# Visual Studio Version 16
VisualStudioVersion = 16.0.32106.194
MinimumVisualStudioVersion = 10.0.40219.1
Project("{8BC9CEB8-8B4A-11D0-8D11-00A0C91BC942}") = "UserInterface", "UserInterface\UserInterface.vcxproj", "{9F556E0E-14E3-4743-8946-4792D073B62B}"
	ProjectSection(ProjectDependencies) = postProject
		{35E32E09-D123-4D66-A713-0475759C070B} = {35E32E09-D123-4D66-A713-0475759C070B}
		{E089B6AC-90DA-4952-B0E6-8D4C89A42419} = {E089B6AC-90DA-4952-B0E6-8D4C89A42419}
	EndProjectSection
EndProject
Project("{8BC9CEB8-8B4A-11D0-8D11-00A0C91BC942}") = "Core", "Core\Core.vcxproj", "{35E32E09-D123-4D66-A713-0475759C070B}"
EndProject
Project("{8BC9CEB8-8B4A-11D0-8D11-00A0C91BC942}") = "Login", "Login\Login.vcxproj", "{C3DA3459-0D1D-46C0-97B3-9D13801D417C}"
EndProject
Project("{8BC9CEB8-8B4A-11D0-8D11-00A0C91BC942}") = "UserInformation", "UserInformation\UserInformation.vcxproj", "{0935B24E-266D-4784-AAA6-928B5239F542}"
EndProject
Project("{8BC9CEB8-8B4A-11D0-8D11-00A0C91BC942}") = "Course", "Course\Course.vcxproj", "{292BC56B-F927-4C69-B25D-DC58F50DCB04}"
EndProject
Project("{8BC9CEB8-8B4A-11D0-8D11-00A0C91BC942}") = "Assignment", "Assignment\Assignment.vcxproj", "{1D7F7E87-BCA5-4579-ACD1-D552E6F57919}"
EndProject
Project("{8BC9CEB8-8B4A-11D0-8D11-00A0C91BC942}") = "HomeworkApp", "HomeworkApp\HomeworkApp.vcxproj", "{E089B6AC-90DA-4952-B0E6-8D4C89A42419}"
EndProject
Project("{8BC9CEB8-8B4A-11D0-8D11-00A0C91BC942}") = "ApplicationLib", "ApplicationLib\ApplicationLib.vcxproj", "{E53FD047-E376-4A95-99D3-6301BD1C8721}"
EndProject
Global
	GlobalSection(SolutionConfigurationPlatforms) = preSolution
		Debug|x64 = Debug|x64
		Debug|x86 = Debug|x86
		Release|x64 = Release|x64
		Release|x86 = Release|x86
	EndGlobalSection
	GlobalSection(ProjectConfigurationPlatforms) = postSolution
		{9F556E0E-14E3-4743-8946-4792D073B62B}.Debug|x64.ActiveCfg = Debug|x64
		{9F556E0E-14E3-4743-8946-4792D073B62B}.Debug|x64.Build.0 = Debug|x64
		{9F556E0E-14E3-4743-8946-4792D073B62B}.Debug|x86.ActiveCfg = Debug|Win32
		{9F556E0E-14E3-4743-8946-4792D073B62B}.Debug|x86.Build.0 = Debug|Win32
		{9F556E0E-14E3-4743-8946-4792D073B62B}.Release|x64.ActiveCfg = Release|x64
		{9F556E0E-14E3-4743-8946-4792D073B62B}.Release|x64.Build.0 = Release|x64
		{9F556E0E-14E3-4743-8946-4792D073B62B}.Release|x86.ActiveCfg = Release|Win32
		{9F556E0E-14E3-4743-8946-4792D073B62B}.Release|x86.Build.0 = Release|Win32
		{35E32E09-D123-4D66-A713-0475759C070B}.Debug|x64.ActiveCfg = Debug|x64
		{35E32E09-D123-4D66-A713-0475759C070B}.Debug|x64.Build.0 = Debug|x64
		{35E32E09-D123-4D66-A713-0475759C070B}.Debug|x86.ActiveCfg = Debug|Win32
		{35E32E09-D123-4D66-A713-0475759C070B}.Debug|x86.Build.0 = Debug|Win32
		{35E32E09-D123-4D66-A713-0475759C070B}.Release|x64.ActiveCfg = Release|x64
		{35E32E09-D123-4D66-A713-0475759C070B}.Release|x64.Build.0 = Release|x64
		{35E32E09-D123-4D66-A713-0475759C070B}.Release|x86.ActiveCfg = Release|Win32
		{35E32E09-D123-4D66-A713-0475759C070B}.Release|x86.Build.0 = Release|Win32
		{C3DA3459-0D1D-46C0-97B3-9D13801D417C}.Debug|x64.ActiveCfg = Debug|x64
		{C3DA3459-0D1D-46C0-97B3-9D13801D417C}.Debug|x64.Build.0 = Debug|x64
		{C3DA3459-0D1D-46C0-97B3-9D13801D417C}.Debug|x86.ActiveCfg = Debug|Win32
		{C3DA3459-0D1D-46C0-97B3-9D13801D417C}.Debug|x86.Build.0 = Debug|Win32
		{C3DA3459-0D1D-46C0-97B3-9D13801D417C}.Release|x64.ActiveCfg = Release|x64
		{C3DA3459-0D1D-46C0-97B3-9D13801D417C}.Release|x64.Build.0 = Release|x64
		{C3DA3459-0D1D-46C0-97B3-9D13801D417C}.Release|x86.ActiveCfg = Release|Win32
		{C3DA3459-0D1D-46C0-97B3-9D13801D417C}.Release|x86.Build.0 = Release|Win32
		{0935B24E-266D-4784-AAA6-928B5239F542}.Debug|x64.ActiveCfg = Debug|x64
		{0935B24E-266D-4784-AAA6-928B5239F542}.Debug|x64.Build.0 = Debug|x64
		{0935B24E-266D-4784-AAA6-928B5239F542}.Debug|x86.ActiveCfg = Debug|Win32
		{0935B24E-266D-4784-AAA6-928B5239F542}.Debug|x86.Build.0 = Debug|Win32
		{0935B24E-266D-4784-AAA6-928B5239F542}.Release|x64.ActiveCfg = Release|x64
		{0935B24E-266D-4784-AAA6-928B5239F542}.Release|x64.Build.0 = Release|x64
		{0935B24E-266D-4784-AAA6-928B5239F542}.Release|x86.ActiveCfg = Release|Win32
		{0935B24E-266D-4784-AAA6-928B5239F542}.Release|x86.Build.0 = Release|Win32
		{292BC56B-F927-4C69-B25D-DC58F50DCB04}.Debug|x64.ActiveCfg = Debug|x64
		{292BC56B-F927-4C69-B25D-DC58F50DCB04}.Debug|x64.Build.0 = Debug|x64
		{292BC56B-F927-4C69-B25D-DC58F50DCB04}.Debug|x86.ActiveCfg = Debug|Win32
		{292BC56B-F927-4C69-B25D-DC58F50DCB04}.Debug|x86.Build.0 = Debug|Win32
		{292BC56B-F927-4C69-B25D-DC58F50DCB04}.Release|x64.ActiveCfg = Release|x64
		{292BC56B-F927-4C69-B25D-DC58F50DCB04}.Release|x64.Build.0 = Release|x64
		{292BC56B-F927-4C69-B25D-DC58F50DCB04}.Release|x86.ActiveCfg = Release|Win32
		{292BC56B-F927-4C69-B25D-DC58F50DCB04}.Release|x86.Build.0 = Release|Win32
		{1D7F7E87-BCA5-4579-ACD1-D552E6F57919}.Debug|x64.ActiveCfg = Debug|x64
		{1D7F7E87-BCA5-4579-ACD1-D552E6F57919}.Debug|x64.Build.0 = Debug|x64
		{1D7F7E87-BCA5-4579-ACD1-D552E6F57919}.Debug|x86.ActiveCfg = Debug|Win32
		{1D7F7E87-BCA5-4579-ACD1-D552E6F57919}.Debug|x86.Build.0 = Debug|Win32
		{1D7F7E87-BCA5-4579-ACD1-D552E6F57919}.Release|x64.ActiveCfg = Release|x64
		{1D7F7E87-BCA5-4579-ACD1-D552E6F57919}.Release|x64.Build.0 = Release|x64
		{1D7F7E87-BCA5-4579-ACD1-D552E6F57919}.Release|x86.ActiveCfg = Release|Win32
		{1D7F7E87-BCA5-4579-ACD1-D552E6F57919}.Release|x86.Build.0 = Release|Win32
		{E089B6AC-90DA-4952-B0E6-8D4C89A42419}.Debug|x64.ActiveCfg = Debug|x64
		{E089B6AC-90DA-4952-B0E6-8D4C89A42419}.Debug|x64.Build.0 = Debug|x64
		{E089B6AC-90DA-4952-B0E6-8D4C89A42419}.Debug|x86.ActiveCfg = Debug|Win32
		{E089B6AC-90DA-4952-B0E6-8D4C89A42419}.Debug|x86.Build.0 = Debug|Win32
		{E089B6AC-90DA-4952-B0E6-8D4C89A42419}.Release|x64.ActiveCfg = Release|x64
		{E089B6AC-90DA-4952-B0E6-8D4C89A42419}.Release|x64.Build.0 = Release|x64
		{E089B6AC-90DA-4952-B0E6-8D4C89A42419}.Release|x86.ActiveCfg = Release|Win32
		{E089B6AC-90DA-4952-B0E6-8D4C89A42419}.Release|x86.Build.0 = Release|Win32
		{E53FD047-E376-4A95-99D3-6301BD1C8721}.Debug|x64.ActiveCfg = Debug|x64
		{E53FD047-E376-4A95-99D3-6301BD1C8721}.Debug|x64.Build.0 = Debug|x64
		{E53FD047-E376-4A95-99D3-6301BD1C8721}.Debug|x86.ActiveCfg = Debug|Win32
		{E53FD047-E376-4A95-99D3-6301BD1C8721}.Debug|x86.Build.0 = Debug|Win32
		{E53FD047-E376-4A95-99D3-6301BD1C8721}.Release|x64.ActiveCfg = Release|x64
		{E53FD047-E376-4A95-99D3-6301BD1C8721}.Release|x64.Build.0 = Release|x64
		{E53FD047-E376-4A95-99D3-6301BD1C8721}.Release|x86.ActiveCfg = Release|Win32
		{E53FD047-E376-4A95-99D3-6301BD1C8721}.Release|x86.Build.0 = Release|Win32
	EndGlobalSection
	GlobalSection(SolutionProperties) = preSolution
		HideSolutionNode = FALSE
	EndGlobalSection
	GlobalSection(ExtensibilityGlobals) = postSolution
		SolutionGuid = {BEDD2D6E-C117-4B56-A225-DE80F2C41120}
	EndGlobalSection
EndGlobal
